
Microsoft Visual Studio Solution File, Format Version 12.00
# Visual Studio 15
VisualStudioVersion = 15.0.28307.271
MinimumVisualStudioVersion = 10.0.40219.1
Project("{FAE04EC0-301F-11D3-BF4B-00C04F79EFBC}") = "StaticCodeAnalyser", "StaticCodeAnalyser\StaticCodeAnalyser.csproj", "{68062363-BC66-4A31-8013-41B008975E48}"
EndProject
Project("{FAE04EC0-301F-11D3-BF4B-00C04F79EFBC}") = "WebService", "WebService\WebService.csproj", "{55A5A751-C094-4574-8720-C0BFBCC6C9F8}"
EndProject
Global
	GlobalSection(SolutionConfigurationPlatforms) = preSolution
		Debug|Any CPU = Debug|Any CPU
		Release|Any CPU = Release|Any CPU
	EndGlobalSection
	GlobalSection(ProjectConfigurationPlatforms) = postSolution
		{68062363-BC66-4A31-8013-41B008975E48}.Debug|Any CPU.ActiveCfg = Debug|Any CPU
		{68062363-BC66-4A31-8013-41B008975E48}.Debug|Any CPU.Build.0 = Debug|Any CPU
		{68062363-BC66-4A31-8013-41B008975E48}.Release|Any CPU.ActiveCfg = Release|Any CPU
		{68062363-BC66-4A31-8013-41B008975E48}.Release|Any CPU.Build.0 = Release|Any CPU
		{55A5A751-C094-4574-8720-C0BFBCC6C9F8}.Debug|Any CPU.ActiveCfg = Debug|Any CPU
		{55A5A751-C094-4574-8720-C0BFBCC6C9F8}.Debug|Any CPU.Build.0 = Debug|Any CPU
		{55A5A751-C094-4574-8720-C0BFBCC6C9F8}.Release|Any CPU.ActiveCfg = Release|Any CPU
		{55A5A751-C094-4574-8720-C0BFBCC6C9F8}.Release|Any CPU.Build.0 = Release|Any CPU
	EndGlobalSection
	GlobalSection(SolutionProperties) = preSolution
		HideSolutionNode = FALSE
	EndGlobalSection
	GlobalSection(ExtensibilityGlobals) = postSolution
		SolutionGuid = {48832277-20B9-4C10-9AF0-02B4379AB713}
	EndGlobalSection
EndGlobal
